
Microsoft Visual Studio Solution File, Format Version 12.00
# Visual Studio Version 16
VisualStudioVersion = 16.0.30717.126
MinimumVisualStudioVersion = 10.0.40219.1
Project("{FAE04EC0-301F-11D3-BF4B-00C04F79EFBC}") = "HardwareStore", "HardwareStore\HardwareStore.csproj", "{54E27E31-8BDA-4525-8AEE-C2673E5F9BC0}"
EndProject
Global
	GlobalSection(SolutionConfigurationPlatforms) = preSolution
		Debug|Any CPU = Debug|Any CPU
		Release|Any CPU = Release|Any CPU
	EndGlobalSection
	GlobalSection(ProjectConfigurationPlatforms) = postSolution
		{54E27E31-8BDA-4525-8AEE-C2673E5F9BC0}.Debug|Any CPU.ActiveCfg = Debug|Any CPU
		{54E27E31-8BDA-4525-8AEE-C2673E5F9BC0}.Debug|Any CPU.Build.0 = Debug|Any CPU
		{54E27E31-8BDA-4525-8AEE-C2673E5F9BC0}.Release|Any CPU.ActiveCfg = Release|Any CPU
		{54E27E31-8BDA-4525-8AEE-C2673E5F9BC0}.Release|Any CPU.Build.0 = Release|Any CPU
	EndGlobalSection
	GlobalSection(SolutionProperties) = preSolution
		HideSolutionNode = FALSE
	EndGlobalSection
	GlobalSection(ExtensibilityGlobals) = postSolution
		SolutionGuid = {3CF02068-6419-4994-A15D-1F8C06C80FF6}
	EndGlobalSection
EndGlobal
